
Microsoft Visual Studio Solution File, Format Version 12.00
# Visual Studio Version 17
VisualStudioVersion = 17.11.35327.3
MinimumVisualStudioVersion = 10.0.40219.1
Project("{FAE04EC0-301F-11D3-BF4B-00C04F79EFBC}") = "lab3_parallelTasks", "lab3_parallelTasks\lab3_parallelTasks.csproj", "{48158FA3-3603-4B6D-9E29-CB5B3875B1D2}"
EndProject
Global
	GlobalSection(SolutionConfigurationPlatforms) = preSolution
		Debug|Any CPU = Debug|Any CPU
		Release|Any CPU = Release|Any CPU
	EndGlobalSection
	GlobalSection(ProjectConfigurationPlatforms) = postSolution
		{48158FA3-3603-4B6D-9E29-CB5B3875B1D2}.Debug|Any CPU.ActiveCfg = Debug|Any CPU
		{48158FA3-3603-4B6D-9E29-CB5B3875B1D2}.Debug|Any CPU.Build.0 = Debug|Any CPU
		{48158FA3-3603-4B6D-9E29-CB5B3875B1D2}.Release|Any CPU.ActiveCfg = Release|Any CPU
		{48158FA3-3603-4B6D-9E29-CB5B3875B1D2}.Release|Any CPU.Build.0 = Release|Any CPU
	EndGlobalSection
	GlobalSection(SolutionProperties) = preSolution
		HideSolutionNode = FALSE
	EndGlobalSection
	GlobalSection(ExtensibilityGlobals) = postSolution
		SolutionGuid = {C988406D-AAC6-41FB-82A0-5E8444491A49}
	EndGlobalSection
EndGlobal
