
Microsoft Visual Studio Solution File, Format Version 12.00
# Visual Studio Version 17
VisualStudioVersion = 17.5.33502.453
MinimumVisualStudioVersion = 10.0.40219.1
Project("{8BC9CEB8-8B4A-11D0-8D11-00A0C91BC942}") = "Weather", "Weather\Weather.vcxproj", "{6052D0CF-87CF-4C9E-81D5-092AD505254E}"
EndProject
Global
	GlobalSection(SolutionConfigurationPlatforms) = preSolution
		Debug|x64 = Debug|x64
		Release|x64 = Release|x64
	EndGlobalSection
	GlobalSection(ProjectConfigurationPlatforms) = postSolution
		{6052D0CF-87CF-4C9E-81D5-092AD505254E}.Debug|x64.ActiveCfg = Debug|x64
		{6052D0CF-87CF-4C9E-81D5-092AD505254E}.Debug|x64.Build.0 = Debug|x64
		{6052D0CF-87CF-4C9E-81D5-092AD505254E}.Release|x64.ActiveCfg = Release|x64
		{6052D0CF-87CF-4C9E-81D5-092AD505254E}.Release|x64.Build.0 = Release|x64
	EndGlobalSection
	GlobalSection(SolutionProperties) = preSolution
		HideSolutionNode = FALSE
	EndGlobalSection
	GlobalSection(ExtensibilityGlobals) = postSolution
		SolutionGuid = {8B061DD0-A462-4EB3-B70F-9F8245F4D381}
	EndGlobalSection
EndGlobal
