
Microsoft Visual Studio Solution File, Format Version 12.00
# Visual Studio Version 17
VisualStudioVersion = 17.11.35327.3
MinimumVisualStudioVersion = 10.0.40219.1
Project("{FAE04EC0-301F-11D3-BF4B-00C04F79EFBC}") = "lab5_parallelizing_techniques", "lab5_parallelizing_techniques\lab5_parallelizing_techniques.csproj", "{7108A0FA-C5B8-45FB-BA1B-3A6A81E1DC36}"
EndProject
Global
	GlobalSection(SolutionConfigurationPlatforms) = preSolution
		Debug|Any CPU = Debug|Any CPU
		Release|Any CPU = Release|Any CPU
	EndGlobalSection
	GlobalSection(ProjectConfigurationPlatforms) = postSolution
		{7108A0FA-C5B8-45FB-BA1B-3A6A81E1DC36}.Debug|Any CPU.ActiveCfg = Debug|Any CPU
		{7108A0FA-C5B8-45FB-BA1B-3A6A81E1DC36}.Debug|Any CPU.Build.0 = Debug|Any CPU
		{7108A0FA-C5B8-45FB-BA1B-3A6A81E1DC36}.Release|Any CPU.ActiveCfg = Release|Any CPU
		{7108A0FA-C5B8-45FB-BA1B-3A6A81E1DC36}.Release|Any CPU.Build.0 = Release|Any CPU
	EndGlobalSection
	GlobalSection(SolutionProperties) = preSolution
		HideSolutionNode = FALSE
	EndGlobalSection
	GlobalSection(ExtensibilityGlobals) = postSolution
		SolutionGuid = {DB004865-E3D6-47A2-AF1E-FB8A8850CA2D}
	EndGlobalSection
EndGlobal
