
Microsoft Visual Studio Solution File, Format Version 12.00
# Visual Studio Version 17
VisualStudioVersion = 17.11.35327.3
MinimumVisualStudioVersion = 10.0.40219.1
Project("{FAE04EC0-301F-11D3-BF4B-00C04F79EFBC}") = "lab1_pb1_supermarket", "lab1_pb1_supermarket\lab1_pb1_supermarket.csproj", "{F0040FB4-ABD6-4F55-9266-E2F017FA2FF4}"
EndProject
Global
	GlobalSection(SolutionConfigurationPlatforms) = preSolution
		Debug|Any CPU = Debug|Any CPU
		Release|Any CPU = Release|Any CPU
	EndGlobalSection
	GlobalSection(ProjectConfigurationPlatforms) = postSolution
		{F0040FB4-ABD6-4F55-9266-E2F017FA2FF4}.Debug|Any CPU.ActiveCfg = Debug|Any CPU
		{F0040FB4-ABD6-4F55-9266-E2F017FA2FF4}.Debug|Any CPU.Build.0 = Debug|Any CPU
		{F0040FB4-ABD6-4F55-9266-E2F017FA2FF4}.Release|Any CPU.ActiveCfg = Release|Any CPU
		{F0040FB4-ABD6-4F55-9266-E2F017FA2FF4}.Release|Any CPU.Build.0 = Release|Any CPU
	EndGlobalSection
	GlobalSection(SolutionProperties) = preSolution
		HideSolutionNode = FALSE
	EndGlobalSection
	GlobalSection(ExtensibilityGlobals) = postSolution
		SolutionGuid = {6D590CE2-16C1-4143-99C9-69D01AB51E74}
	EndGlobalSection
EndGlobal
